
Microsoft Visual Studio Solution File, Format Version 11.00
# Visual Studio 2010
Project("{FAE04EC0-301F-11D3-BF4B-00C04F79EFBC}") = "Assembly-CSharp", "Assembly-CSharp.csproj", "{301c8905-253f-f8a0-6a66-e46de0594093}"
EndProject
Project("{FAE04EC0-301F-11D3-BF4B-00C04F79EFBC}") = "EditorMigrationScripts", "EditorMigrationScripts.csproj", "{4205ecb7-b640-c86b-6d3c-3383c6274066}"
EndProject
Global
	GlobalSection(SolutionConfigurationPlatforms) = preSolution
		Debug|Any CPU = Debug|Any CPU
	EndGlobalSection
	GlobalSection(ProjectConfigurationPlatforms) = postSolution
		{301c8905-253f-f8a0-6a66-e46de0594093}.Debug|Any CPU.ActiveCfg = Debug|Any CPU
		{301c8905-253f-f8a0-6a66-e46de0594093}.Debug|Any CPU.Build.0 = Debug|Any CPU
		{4205ecb7-b640-c86b-6d3c-3383c6274066}.Debug|Any CPU.ActiveCfg = Debug|Any CPU
		{4205ecb7-b640-c86b-6d3c-3383c6274066}.Debug|Any CPU.Build.0 = Debug|Any CPU
	EndGlobalSection
	GlobalSection(SolutionProperties) = preSolution
		HideSolutionNode = FALSE
	EndGlobalSection
EndGlobal
